
Microsoft Visual Studio Solution File, Format Version 12.00
# Visual Studio Version 17
VisualStudioVersion = 17.5.002.0
MinimumVisualStudioVersion = 10.0.40219.1
Project("{9A19103F-16F7-4668-BE54-9A1E7A4F7556}") = "SkateboardTracker", "SkateboardTracker\SkateboardTracker.csproj", "{F46B8DC0-4ADC-4702-B24E-68E1D8F00556}"
EndProject
Global
	GlobalSection(SolutionConfigurationPlatforms) = preSolution
		Debug|Any CPU = Debug|Any CPU
		Release|Any CPU = Release|Any CPU
	EndGlobalSection
	GlobalSection(ProjectConfigurationPlatforms) = postSolution
		{F46B8DC0-4ADC-4702-B24E-68E1D8F00556}.Debug|Any CPU.ActiveCfg = Debug|Any CPU
		{F46B8DC0-4ADC-4702-B24E-68E1D8F00556}.Debug|Any CPU.Build.0 = Debug|Any CPU
		{F46B8DC0-4ADC-4702-B24E-68E1D8F00556}.Release|Any CPU.ActiveCfg = Release|Any CPU
		{F46B8DC0-4ADC-4702-B24E-68E1D8F00556}.Release|Any CPU.Build.0 = Release|Any CPU
	EndGlobalSection
	GlobalSection(SolutionProperties) = preSolution
		HideSolutionNode = FALSE
	EndGlobalSection
	GlobalSection(ExtensibilityGlobals) = postSolution
		SolutionGuid = {28F83025-8508-4A56-9305-21657BB8475F}
	EndGlobalSection
EndGlobal
